
Microsoft Visual Studio Solution File, Format Version 12.00
# Visual Studio Version 17
VisualStudioVersion = 17.11.35222.181
MinimumVisualStudioVersion = 10.0.40219.1
Project("{9A19103F-16F7-4668-BE54-9A1E7A4F7556}") = "MSO_LAB_2", "MSO_LAB_2\MSO_LAB_2.csproj", "{29EB60EA-B828-483A-AEF1-0BB4460DFEC1}"
EndProject
Project("{FAE04EC0-301F-11D3-BF4B-00C04F79EFBC}") = "TestProject", "TestProject\TestProject.csproj", "{EAA7316E-9A7D-4C8A-A282-5895AC15D741}"
EndProject
Global
	GlobalSection(SolutionConfigurationPlatforms) = preSolution
		Debug|Any CPU = Debug|Any CPU
		Release|Any CPU = Release|Any CPU
	EndGlobalSection
	GlobalSection(ProjectConfigurationPlatforms) = postSolution
		{29EB60EA-B828-483A-AEF1-0BB4460DFEC1}.Debug|Any CPU.ActiveCfg = Debug|Any CPU
		{29EB60EA-B828-483A-AEF1-0BB4460DFEC1}.Debug|Any CPU.Build.0 = Debug|Any CPU
		{29EB60EA-B828-483A-AEF1-0BB4460DFEC1}.Release|Any CPU.ActiveCfg = Release|Any CPU
		{29EB60EA-B828-483A-AEF1-0BB4460DFEC1}.Release|Any CPU.Build.0 = Release|Any CPU
		{EAA7316E-9A7D-4C8A-A282-5895AC15D741}.Debug|Any CPU.ActiveCfg = Debug|Any CPU
		{EAA7316E-9A7D-4C8A-A282-5895AC15D741}.Debug|Any CPU.Build.0 = Debug|Any CPU
		{EAA7316E-9A7D-4C8A-A282-5895AC15D741}.Release|Any CPU.ActiveCfg = Release|Any CPU
		{EAA7316E-9A7D-4C8A-A282-5895AC15D741}.Release|Any CPU.Build.0 = Release|Any CPU
	EndGlobalSection
	GlobalSection(SolutionProperties) = preSolution
		HideSolutionNode = FALSE
	EndGlobalSection
	GlobalSection(ExtensibilityGlobals) = postSolution
		SolutionGuid = {B1B25576-52E3-4783-837B-41F9201B4885}
	EndGlobalSection
EndGlobal
